
Microsoft Visual Studio Solution File, Format Version 12.00
# Visual Studio 15
VisualStudioVersion = 15.0.27703.2026
MinimumVisualStudioVersion = 10.0.40219.1
Project("{9A19103F-16F7-4668-BE54-9A1E7A4F7556}") = "QuickClick", "src\QuickClick\QuickClick.csproj", "{2E4CBEB8-F1A6-4EBC-B30B-A136E94426C5}"
EndProject
Global
	GlobalSection(SolutionConfigurationPlatforms) = preSolution
		Debug|Any CPU = Debug|Any CPU
		Release|Any CPU = Release|Any CPU
	EndGlobalSection
	GlobalSection(ProjectConfigurationPlatforms) = postSolution
		{2E4CBEB8-F1A6-4EBC-B30B-A136E94426C5}.Debug|Any CPU.ActiveCfg = Debug|Any CPU
		{2E4CBEB8-F1A6-4EBC-B30B-A136E94426C5}.Debug|Any CPU.Build.0 = Debug|Any CPU
		{2E4CBEB8-F1A6-4EBC-B30B-A136E94426C5}.Release|Any CPU.ActiveCfg = Release|Any CPU
		{2E4CBEB8-F1A6-4EBC-B30B-A136E94426C5}.Release|Any CPU.Build.0 = Release|Any CPU
	EndGlobalSection
	GlobalSection(SolutionProperties) = preSolution
		HideSolutionNode = FALSE
	EndGlobalSection
	GlobalSection(ExtensibilityGlobals) = postSolution
		SolutionGuid = {549B0746-78F8-4724-93AA-F46DFBA18AD8}
	EndGlobalSection
EndGlobal
